lockfileVersion: '6.0'

settings:
  autoInstallPeers: true
  excludeLinksFromLockfile: false

dependencies:
  '@tinyhttp/app':
    specifier: latest
    version: 2.2.1
  '@tinyhttp/logger':
    specifier: latest
    version: 2.0.0
  o1js:
    specifier: ^0.14.*
    version: 0.14.2
  xane:
    specifier: file:../contracts
    version: file:../contracts

devDependencies:
  esbuild:
    specifier: ^0.19.9
    version: 0.19.9
  typescript:
    specifier: ^5.3.3
    version: 5.3.3

packages:

  /@esbuild/android-arm64@0.19.9:
    resolution: {integrity: sha512-q4cR+6ZD0938R19MyEW3jEsMzbb/1rulLXiNAJQADD/XYp7pT+rOS5JGxvpRW8dFDEfjW4wLgC/3FXIw4zYglQ==}
    engines: {node: '>=12'}
    cpu: [arm64]
    os: [android]
    requiresBuild: true
    dev: true
    optional: true

  /@esbuild/android-arm@0.19.9:
    resolution: {integrity: sha512-jkYjjq7SdsWuNI6b5quymW0oC83NN5FdRPuCbs9HZ02mfVdAP8B8eeqLSYU3gb6OJEaY5CQabtTFbqBf26H3GA==}
    engines: {node: '>=12'}
    cpu: [arm]
    os: [android]
    requiresBuild: true
    dev: true
    optional: true

  /@esbuild/android-x64@0.19.9:
    resolution: {integrity: sha512-KOqoPntWAH6ZxDwx1D6mRntIgZh9KodzgNOy5Ebt9ghzffOk9X2c1sPwtM9P+0eXbefnDhqYfkh5PLP5ULtWFA==}
    engines: {node: '>=12'}
    cpu: [x64]
    os: [android]
    requiresBuild: true
    dev: true
    optional: true

  /@esbuild/darwin-arm64@0.19.9:
    resolution: {integrity: sha512-KBJ9S0AFyLVx2E5D8W0vExqRW01WqRtczUZ8NRu+Pi+87opZn5tL4Y0xT0mA4FtHctd0ZgwNoN639fUUGlNIWw==}
    engines: {node: '>=12'}
    cpu: [arm64]
    os: [darwin]
    requiresBuild: true
    dev: true
    optional: true

  /@esbuild/darwin-x64@0.19.9:
    resolution: {integrity: sha512-vE0VotmNTQaTdX0Q9dOHmMTao6ObjyPm58CHZr1UK7qpNleQyxlFlNCaHsHx6Uqv86VgPmR4o2wdNq3dP1qyDQ==}
    engines: {node: '>=12'}
    cpu: [x64]
    os: [darwin]
    requiresBuild: true
    dev: true
    optional: true

  /@esbuild/freebsd-arm64@0.19.9:
    resolution: {integrity: sha512-uFQyd/o1IjiEk3rUHSwUKkqZwqdvuD8GevWF065eqgYfexcVkxh+IJgwTaGZVu59XczZGcN/YMh9uF1fWD8j1g==}
    engines: {node: '>=12'}
    cpu: [arm64]
    os: [freebsd]
    requiresBuild: true
    dev: true
    optional: true

  /@esbuild/freebsd-x64@0.19.9:
    resolution: {integrity: sha512-WMLgWAtkdTbTu1AWacY7uoj/YtHthgqrqhf1OaEWnZb7PQgpt8eaA/F3LkV0E6K/Lc0cUr/uaVP/49iE4M4asA==}
    engines: {node: '>=12'}
    cpu: [x64]
    os: [freebsd]
    requiresBuild: true
    dev: true
    optional: true

  /@esbuild/linux-arm64@0.19.9:
    resolution: {integrity: sha512-PiPblfe1BjK7WDAKR1Cr9O7VVPqVNpwFcPWgfn4xu0eMemzRp442hXyzF/fSwgrufI66FpHOEJk0yYdPInsmyQ==}
    engines: {node: '>=12'}
    cpu: [arm64]
    os: [linux]
    requiresBuild: true
    dev: true
    optional: true

  /@esbuild/linux-arm@0.19.9:
    resolution: {integrity: sha512-C/ChPohUYoyUaqn1h17m/6yt6OB14hbXvT8EgM1ZWaiiTYz7nWZR0SYmMnB5BzQA4GXl3BgBO1l8MYqL/He3qw==}
    engines: {node: '>=12'}
    cpu: [arm]
    os: [linux]
    requiresBuild: true
    dev: true
    optional: true

  /@esbuild/linux-ia32@0.19.9:
    resolution: {integrity: sha512-f37i/0zE0MjDxijkPSQw1CO/7C27Eojqb+r3BbHVxMLkj8GCa78TrBZzvPyA/FNLUMzP3eyHCVkAopkKVja+6Q==}
    engines: {node: '>=12'}
    cpu: [ia32]
    os: [linux]
    requiresBuild: true
    dev: true
    optional: true

  /@esbuild/linux-loong64@0.19.9:
    resolution: {integrity: sha512-t6mN147pUIf3t6wUt3FeumoOTPfmv9Cc6DQlsVBpB7eCpLOqQDyWBP1ymXn1lDw4fNUSb/gBcKAmvTP49oIkaA==}
    engines: {node: '>=12'}
    cpu: [loong64]
    os: [linux]
    requiresBuild: true
    dev: true
    optional: true

  /@esbuild/linux-mips64el@0.19.9:
    resolution: {integrity: sha512-jg9fujJTNTQBuDXdmAg1eeJUL4Jds7BklOTkkH80ZgQIoCTdQrDaHYgbFZyeTq8zbY+axgptncko3v9p5hLZtw==}
    engines: {node: '>=12'}
    cpu: [mips64el]
    os: [linux]
    requiresBuild: true
    dev: true
    optional: true

  /@esbuild/linux-ppc64@0.19.9:
    resolution: {integrity: sha512-tkV0xUX0pUUgY4ha7z5BbDS85uI7ABw3V1d0RNTii7E9lbmV8Z37Pup2tsLV46SQWzjOeyDi1Q7Wx2+QM8WaCQ==}
    engines: {node: '>=12'}
    cpu: [ppc64]
    os: [linux]
    requiresBuild: true
    dev: true
    optional: true

  /@esbuild/linux-riscv64@0.19.9:
    resolution: {integrity: sha512-DfLp8dj91cufgPZDXr9p3FoR++m3ZJ6uIXsXrIvJdOjXVREtXuQCjfMfvmc3LScAVmLjcfloyVtpn43D56JFHg==}
    engines: {node: '>=12'}
    cpu: [riscv64]
    os: [linux]
    requiresBuild: true
    dev: true
    optional: true

  /@esbuild/linux-s390x@0.19.9:
    resolution: {integrity: sha512-zHbglfEdC88KMgCWpOl/zc6dDYJvWGLiUtmPRsr1OgCViu3z5GncvNVdf+6/56O2Ca8jUU+t1BW261V6kp8qdw==}
    engines: {node: '>=12'}
    cpu: [s390x]
    os: [linux]
    requiresBuild: true
    dev: true
    optional: true

  /@esbuild/linux-x64@0.19.9:
    resolution: {integrity: sha512-JUjpystGFFmNrEHQnIVG8hKwvA2DN5o7RqiO1CVX8EN/F/gkCjkUMgVn6hzScpwnJtl2mPR6I9XV1oW8k9O+0A==}
    engines: {node: '>=12'}
    cpu: [x64]
    os: [linux]
    requiresBuild: true
    dev: true
    optional: true

  /@esbuild/netbsd-x64@0.19.9:
    resolution: {integrity: sha512-GThgZPAwOBOsheA2RUlW5UeroRfESwMq/guy8uEe3wJlAOjpOXuSevLRd70NZ37ZrpO6RHGHgEHvPg1h3S1Jug==}
    engines: {node: '>=12'}
    cpu: [x64]
    os: [netbsd]
    requiresBuild: true
    dev: true
    optional: true

  /@esbuild/openbsd-x64@0.19.9:
    resolution: {integrity: sha512-Ki6PlzppaFVbLnD8PtlVQfsYw4S9n3eQl87cqgeIw+O3sRr9IghpfSKY62mggdt1yCSZ8QWvTZ9jo9fjDSg9uw==}
    engines: {node: '>=12'}
    cpu: [x64]
    os: [openbsd]
    requiresBuild: true
    dev: true
    optional: true

  /@esbuild/sunos-x64@0.19.9:
    resolution: {integrity: sha512-MLHj7k9hWh4y1ddkBpvRj2b9NCBhfgBt3VpWbHQnXRedVun/hC7sIyTGDGTfsGuXo4ebik2+3ShjcPbhtFwWDw==}
    engines: {node: '>=12'}
    cpu: [x64]
    os: [sunos]
    requiresBuild: true
    dev: true
    optional: true

  /@esbuild/win32-arm64@0.19.9:
    resolution: {integrity: sha512-GQoa6OrQ8G08guMFgeXPH7yE/8Dt0IfOGWJSfSH4uafwdC7rWwrfE6P9N8AtPGIjUzdo2+7bN8Xo3qC578olhg==}
    engines: {node: '>=12'}
    cpu: [arm64]
    os: [win32]
    requiresBuild: true
    dev: true
    optional: true

  /@esbuild/win32-ia32@0.19.9:
    resolution: {integrity: sha512-UOozV7Ntykvr5tSOlGCrqU3NBr3d8JqPes0QWN2WOXfvkWVGRajC+Ym0/Wj88fUgecUCLDdJPDF0Nna2UK3Qtg==}
    engines: {node: '>=12'}
    cpu: [ia32]
    os: [win32]
    requiresBuild: true
    dev: true
    optional: true

  /@esbuild/win32-x64@0.19.9:
    resolution: {integrity: sha512-oxoQgglOP7RH6iasDrhY+R/3cHrfwIDvRlT4CGChflq6twk8iENeVvMJjmvBb94Ik1Z+93iGO27err7w6l54GQ==}
    engines: {node: '>=12'}
    cpu: [x64]
    os: [win32]
    requiresBuild: true
    dev: true
    optional: true

  /@tinyhttp/accepts@2.2.0:
    resolution: {integrity: sha512-Jz60vPt9eQDXtFNaTHGhVsFNEFoQxHldGhB0a6L1oS4MvGJNs6pX5Ibntgth2/DcdtR+PFtbOhKVsZf8kveDLw==}
    engines: {node: '>=12.20.0'}
    dependencies:
      mime: 4.0.0-beta.1
      negotiator: 0.6.3
    dev: false

  /@tinyhttp/app@2.2.1:
    resolution: {integrity: sha512-ncqALQSbEC8Q3s22j8OG2e6DtHOUx4VE11AK7XYbWsVTZ2JKFy1iBfhOiJOmPPd3tlcIZ/dr0zC8iSQ8EFrWLA==}
    engines: {node: '>=14.21.3'}
    dependencies:
      '@tinyhttp/cookie': 2.1.0
      '@tinyhttp/proxy-addr': 2.1.2
      '@tinyhttp/req': 2.2.0
      '@tinyhttp/res': 2.2.0
      '@tinyhttp/router': 2.2.1
      header-range-parser: 1.1.3
      regexparam: 2.0.2
    dev: false

  /@tinyhttp/content-disposition@2.2.0:
    resolution: {integrity: sha512-w1dJaSAtcCinOlT/YQg35RnFCOBbCHBGDVhH4yLoiJVtecRAJ2cYMf5HP+UhfbXURa38GC8fkRXO0vODDTjmeg==}
    engines: {node: '>=12.20.0'}
    dev: false

  /@tinyhttp/content-type@0.1.4:
    resolution: {integrity: sha512-dl6f3SHIJPYbhsW1oXdrqOmLSQF/Ctlv3JnNfXAE22kIP7FosqJHxkz/qj2gv465prG8ODKH5KEyhBkvwrueKQ==}
    engines: {node: '>=12.4'}
    dev: false

  /@tinyhttp/cookie-signature@2.1.0:
    resolution: {integrity: sha512-bpOXBGf9rKoajtEG75O7xjwW+u2I/NNPkJWJTDdr6j7Vx0lG5R9Hnl3ty80Af4jwyo90ywXVpZIxKLubPK6RzA==}
    engines: {node: '>=12.20.0'}
    dev: false

  /@tinyhttp/cookie@2.1.0:
    resolution: {integrity: sha512-o56utxXvIuLTCtPm66r8lcyUufpw0RkO+u4wQrTbc6snyyGZZ9hHzGRxPyko0ks90ctOkLh0mNKn7YZaTWlvfw==}
    engines: {node: '>=12.20.0'}
    dev: false

  /@tinyhttp/encode-url@2.1.0:
    resolution: {integrity: sha512-POXlTYIPReU5CBnNmJ1oyzPEpG9uI41bWoW5xBWomJkL6hQgArzlmU8i1kr8+JPf3O+MVBaJ5tMTS/09uOULZw==}
    engines: {node: '>=12.20.0'}
    dev: false

  /@tinyhttp/etag@2.1.0:
    resolution: {integrity: sha512-zb+SyhwOIaciIzYdoaUWDSJg1asFqRSE8gnDqaUA0nJKg8T1Y1c7Dauzs3QY4VApy2zdbI8gk23XZXOfzL1J0g==}
    engines: {node: '>=12.20.0'}
    dev: false

  /@tinyhttp/forwarded@2.1.1:
    resolution: {integrity: sha512-nO3kq0R1LRl2+CAMlnggm22zE6sT8gfvGbNvSitV6F9eaUSurHP0A8YZFMihSkugHxK+uIegh1TKrqgD8+lyGQ==}
    engines: {node: '>=12.20.0'}
    dev: false

  /@tinyhttp/logger@2.0.0:
    resolution: {integrity: sha512-8DfLQjGDIaIJeivYamVrrpmwmsGwS8wt2DGvzlcY5HEBagdiI4QJy/veAFcUHuaJqufn4wLwmn4q5VUkW8BCpQ==}
    engines: {node: '>=14.18 || >=16.20'}
    dependencies:
      colorette: 2.0.20
      dayjs: 1.11.10
      http-status-emojis: 2.2.0
    dev: false

  /@tinyhttp/proxy-addr@2.1.2:
    resolution: {integrity: sha512-gqb1RRxMVlvoq4Hg2O6pTVkjnb1beonDYpCNz5dLQEWtNf614KfeP6ih35MEzvda0g1fr09lq2Crp9cp1kvRNg==}
    engines: {node: '>=12.20.0'}
    dependencies:
      '@tinyhttp/forwarded': 2.1.1
      ipaddr.js: 2.1.0
    dev: false

  /@tinyhttp/req@2.2.0:
    resolution: {integrity: sha512-Q8qBOdg4YXq299cK9y1EtJ4XDDLtBTvaO7IwE/xZuTwUfEscNeMf/w5FFYXtqhlZnQS+dxGeTv/dlcowBU3hFA==}
    engines: {node: '>=12.20.0'}
    dependencies:
      '@tinyhttp/accepts': 2.2.0
      '@tinyhttp/type-is': 2.2.0
      '@tinyhttp/url': 2.1.0
      header-range-parser: 1.1.3
    dev: false

  /@tinyhttp/res@2.2.0:
    resolution: {integrity: sha512-kdZn6cOdlIlZYLj6sXgB+TRppkf/3Lfc/t1DdIy70COb3+CXN8KQvKgtjDirUBjRuMyKv141UtY6edfrt+BqMQ==}
    engines: {node: '>=12.20.0'}
    dependencies:
      '@tinyhttp/content-disposition': 2.2.0
      '@tinyhttp/cookie': 2.1.0
      '@tinyhttp/cookie-signature': 2.1.0
      '@tinyhttp/encode-url': 2.1.0
      '@tinyhttp/req': 2.2.0
      '@tinyhttp/send': 2.2.0
      '@tinyhttp/vary': 0.1.3
      es-escape-html: 0.1.1
      mime: 4.0.0-beta.1
    dev: false

  /@tinyhttp/router@2.2.1:
    resolution: {integrity: sha512-ssaXDGRfyAG3bTg2iXqma4N54ehVZLsQPD98/fePTJJxMDsirZYFYMvJaxyH7A7ezRrazys1ZyEDPa6tFDtoCQ==}
    engines: {node: '>=12.20.0'}
    dev: false

  /@tinyhttp/send@2.2.0:
    resolution: {integrity: sha512-MyWrmsdBci9p8JrSSqd0XuHoxtKfUZNbLQXGMVxf+BmZtcZW4TJV95FjTLnnZPLZ2+r30WpokYSYDiyK48U+Ag==}
    engines: {node: '>=12.20.0'}
    dependencies:
      '@tinyhttp/content-type': 0.1.4
      '@tinyhttp/etag': 2.1.0
      mime: 4.0.0-beta.1
    dev: false

  /@tinyhttp/type-is@2.2.0:
    resolution: {integrity: sha512-BtnndSlJ5mv2AUu6D3sweI39xVPSS/+9BaoXWSjCrNsN/fgAEaNZOOaIh+sUU3r0U99y0DQo9LEIwNaIO5nOig==}
    engines: {node: '>=12.20.0'}
    dependencies:
      '@tinyhttp/content-type': 0.1.4
      mime: 4.0.0-beta.1
    dev: false

  /@tinyhttp/url@2.1.0:
    resolution: {integrity: sha512-y+VhvhlpFAtIebuqrdwxmg0MpVb0BC5FJ3oWuDWqWkUQNqKAyBnJ2o5pb9AQ05yxX4HQqmxTQonvWAnpnBsiaw==}
    engines: {node: '>=12.20.0'}
    dev: false

  /@tinyhttp/vary@0.1.3:
    resolution: {integrity: sha512-SoL83sQXAGiHN1jm2VwLUWQSQeDAAl1ywOm6T0b0Cg1CZhVsjoiZadmjhxF6FHCCY7OHHVaLnTgSMxTPIDLxMg==}
    engines: {node: '>=12.20'}
    dev: false

  /blakejs@1.2.1:
    resolution: {integrity: sha512-QXUSXI3QVc/gJME0dBpXrag1kbzOqCjCX8/b54ntNyW6sjtoqxqRk3LTmXzaJoh71zMsDCjM+47jS7XiwN/+fQ==}
    dev: false

  /cachedir@2.4.0:
    resolution: {integrity: sha512-9EtFOZR8g22CL7BWjJ9BUx1+A/djkofnyW3aOXZORNW2kxoUpx2h+uN2cOqwPmFhnpVmxg+KW2OjOSgChTEvsQ==}
    engines: {node: '>=6'}
    dev: false

  /colorette@2.0.20:
    resolution: {integrity: sha512-IfEDxwoWIjkeXL1eXcDiow4UbKjhLdq6/EuSVR9GMN7KVH3r9gQ83e73hsz1Nd1T3ijd5xv1wcWRYO+D6kCI2w==}
    dev: false

  /dayjs@1.11.10:
    resolution: {integrity: sha512-vjAczensTgRcqDERK0SR2XMwsF/tSvnvlv6VcF2GIhg6Sx4yOIt/irsr1RDJsKiIyBzJDpCoXiWWq28MqH2cnQ==}
    dev: false

  /detect-gpu@5.0.37:
    resolution: {integrity: sha512-EraWs84faI4iskB4qvE39bevMIazEvd1RpoyGLOBesRLbiz6eMeJqqRPHjEFClfRByYZzi9IzU35rBXIO76oDw==}
    dependencies:
      webgl-constants: 1.1.1
    dev: false

  /es-escape-html@0.1.1:
    resolution: {integrity: sha512-yUx1o+8RsG7UlszmYPtks+dm6Lho2m8lgHMOsLJQsFI0R8XwUJwiMhM1M4E/S8QLeGyf6MkDV/pWgjQ0tdTSyQ==}
    engines: {node: '>=12.x'}
    dev: false

  /esbuild@0.19.9:
    resolution: {integrity: sha512-U9CHtKSy+EpPsEBa+/A2gMs/h3ylBC0H0KSqIg7tpztHerLi6nrrcoUJAkNCEPumx8yJ+Byic4BVwHgRbN0TBg==}
    engines: {node: '>=12'}
    hasBin: true
    requiresBuild: true
    optionalDependencies:
      '@esbuild/android-arm': 0.19.9
      '@esbuild/android-arm64': 0.19.9
      '@esbuild/android-x64': 0.19.9
      '@esbuild/darwin-arm64': 0.19.9
      '@esbuild/darwin-x64': 0.19.9
      '@esbuild/freebsd-arm64': 0.19.9
      '@esbuild/freebsd-x64': 0.19.9
      '@esbuild/linux-arm': 0.19.9
      '@esbuild/linux-arm64': 0.19.9
      '@esbuild/linux-ia32': 0.19.9
      '@esbuild/linux-loong64': 0.19.9
      '@esbuild/linux-mips64el': 0.19.9
      '@esbuild/linux-ppc64': 0.19.9
      '@esbuild/linux-riscv64': 0.19.9
      '@esbuild/linux-s390x': 0.19.9
      '@esbuild/linux-x64': 0.19.9
      '@esbuild/netbsd-x64': 0.19.9
      '@esbuild/openbsd-x64': 0.19.9
      '@esbuild/sunos-x64': 0.19.9
      '@esbuild/win32-arm64': 0.19.9
      '@esbuild/win32-ia32': 0.19.9
      '@esbuild/win32-x64': 0.19.9
    dev: true

  /header-range-parser@1.1.3:
    resolution: {integrity: sha512-B9zCFt3jH8g09LR1vHL4pcAn8yMEtlSlOUdQemzHMRKMImNIhhszdeosYFfNW0WXKQtXIlWB+O4owHJKvEJYaA==}
    engines: {node: '>=12.22.0'}
    dev: false

  /http-status-emojis@2.2.0:
    resolution: {integrity: sha512-ompKtgwpx8ff0hsbpIB7oE4ax1LXoHmftsHHStMELX56ivG3GhofTX8ZHWlUaFKfGjcGjw6G3rPk7dJRXMmbbg==}
    dev: false

  /ipaddr.js@2.1.0:
    resolution: {integrity: sha512-LlbxQ7xKzfBusov6UMi4MFpEg0m+mAm9xyNGEduwXMEDuf4WfzB/RZwMVYEd7IKGvh4IUkEXYxtAVu9T3OelJQ==}
    engines: {node: '>= 10'}
    dev: false

  /isomorphic-fetch@3.0.0:
    resolution: {integrity: sha512-qvUtwJ3j6qwsF3jLxkZ72qCgjMysPzDfeV240JHiGZsANBYd+EEuu35v7dfrJ9Up0Ak07D7GGSkGhCHTqg/5wA==}
    dependencies:
      node-fetch: 2.7.0
      whatwg-fetch: 3.6.20
    transitivePeerDependencies:
      - encoding
    dev: false

  /js-sha256@0.9.0:
    resolution: {integrity: sha512-sga3MHh9sgQN2+pJ9VYZ+1LPwXOxuBJBA5nrR5/ofPfuiJBE2hnjsaN8se8JznOmGLN2p49Pe5U/ttafcs/apA==}
    dev: false

  /mime@4.0.0-beta.1:
    resolution: {integrity: sha512-8/p99P1RV17prytee/A6D+8shNqdDzyvGJ/CVfiuXwh4cTsv3P3qGyaYSx2hdqnqbKKqYUfTC5zAjCtcd1BShw==}
    engines: {node: '>=16'}
    hasBin: true
    dev: false

  /negotiator@0.6.3:
    resolution: {integrity: sha512-+EUsqGPLsM+j/zdChZjsnX51g4XrHFOIXwfnCVPGlQk/k5giakcKsuxCObBRu6DSm9opw/O6slWbJdghQM4bBg==}
    engines: {node: '>= 0.6'}
    dev: false

  /node-fetch@2.7.0:
    resolution: {integrity: sha512-c4FRfUm/dbcWZ7U+1Wq0AwCyFL+3nt2bEw05wfxSz+DWpWsitgmSgYmy2dQdWyKC1694ELPqMs/YzUSNozLt8A==}
    engines: {node: 4.x || >=6.0.0}
    peerDependencies:
      encoding: ^0.1.0
    peerDependenciesMeta:
      encoding:
        optional: true
    dependencies:
      whatwg-url: 5.0.0
    dev: false

  /o1js@0.14.2:
    resolution: {integrity: sha512-xU0NfbaOeooT5G7sQbVD0uDKpViLKwfVeCk+3U4rJk7HRq2KtHkdc7rlA0/86AtLUSRQpD5OZlJbVGW4daDvfQ==}
    engines: {node: '>=16.4.0'}
    hasBin: true
    dependencies:
      blakejs: 1.2.1
      cachedir: 2.4.0
      detect-gpu: 5.0.37
      isomorphic-fetch: 3.0.0
      js-sha256: 0.9.0
      reflect-metadata: 0.1.14
      tslib: 2.6.2
    transitivePeerDependencies:
      - encoding
    dev: false

  /reflect-metadata@0.1.14:
    resolution: {integrity: sha512-ZhYeb6nRaXCfhnndflDK8qI6ZQ/YcWZCISRAWICW9XYqMUwjZM9Z0DveWX/ABN01oxSHwVxKQmxeYZSsm0jh5A==}
    dev: false

  /regexparam@2.0.2:
    resolution: {integrity: sha512-A1PeDEYMrkLrfyOwv2jwihXbo9qxdGD3atBYQA9JJgreAx8/7rC6IUkWOw2NQlOxLp2wL0ifQbh1HuidDfYA6w==}
    engines: {node: '>=8'}
    dev: false

  /tr46@0.0.3:
    resolution: {integrity: sha512-N3WMsuqV66lT30CrXNbEjx4GEwlow3v6rr4mCcv6prnfwhS01rkgyFdjPNBYd9br7LpXV1+Emh01fHnq2Gdgrw==}
    dev: false

  /tslib@2.6.2:
    resolution: {integrity: sha512-AEYxH93jGFPn/a2iVAwW87VuUIkR1FVUKB77NwMF7nBTDkDrrT/Hpt/IrCJ0QXhW27jTBDcf5ZY7w6RiqTMw2Q==}
    dev: false

  /typescript@5.3.3:
    resolution: {integrity: sha512-pXWcraxM0uxAS+tN0AG/BF2TyqmHO014Z070UsJ+pFvYuRSq8KH8DmWpnbXe0pEPDHXZV3FcAbJkijJ5oNEnWw==}
    engines: {node: '>=14.17'}
    hasBin: true
    dev: true

  /webgl-constants@1.1.1:
    resolution: {integrity: sha512-LkBXKjU5r9vAW7Gcu3T5u+5cvSvh5WwINdr0C+9jpzVB41cjQAP5ePArDtk/WHYdVj0GefCgM73BA7FlIiNtdg==}
    dev: false

  /webidl-conversions@3.0.1:
    resolution: {integrity: sha512-2JAn3z8AR6rjK8Sm8orRC0h/bcl/DqL7tRPdGZ4I1CjdF+EaMLmYxBHyXuKL849eucPFhvBoxMsflfOb8kxaeQ==}
    dev: false

  /whatwg-fetch@3.6.20:
    resolution: {integrity: sha512-EqhiFU6daOA8kpjOWTL0olhVOF3i7OrFzSYiGsEMB8GcXS+RrzauAERX65xMeNWVqxA6HXH2m69Z9LaKKdisfg==}
    dev: false

  /whatwg-url@5.0.0:
    resolution: {integrity: sha512-saE57nupxk6v3HY35+jzBwYa0rKSy0XR8JSxZPwgLr7ys0IBzhGviA1/TUGJLmSVqs8pb9AnvICXEuOHLprYTw==}
    dependencies:
      tr46: 0.0.3
      webidl-conversions: 3.0.1
    dev: false

  file:../contracts:
    resolution: {directory: ../contracts, type: directory}
    name: xane
    dependencies:
      o1js: 0.14.2
    transitivePeerDependencies:
      - encoding
    dev: false
